// !$*UTF8*$!
{
	archiveVersion = 1;
	classes = {
	};
	objectVersion = 55;
	objects = {

/* Begin PBXBuildFile section */
		8446089C29033F0C0095633A /* AppDelegate.swift in Sources */ = {isa = PBXBuildFile; fileRef = 8446089B29033F0C0095633A /* AppDelegate.swift */; };
		8446089E29033F0C0095633A /* SceneDelegate.swift in Sources */ = {isa = PBXBuildFile; fileRef = 8446089D29033F0C0095633A /* SceneDelegate.swift */; };
		844608A029033F0C0095633A /* ReminderListViewController.swift in Sources */ = {isa = PBXBuildFile; fileRef = 8446089F29033F0C0095633A /* ReminderListViewController.swift */; };
		844608A329033F0C0095633A /* Main.storyboard in Resources */ = {isa = PBXBuildFile; fileRef = 844608A129033F0C0095633A /* Main.storyboard */; };
		844608A529033F100095633A /* Assets.xcassets in Resources */ = {isa = PBXBuildFile; fileRef = 844608A429033F100095633A /* Assets.xcassets */; };
		844608A829033F100095633A /* LaunchScreen.storyboard in Resources */ = {isa = PBXBuildFile; fileRef = 844608A629033F100095633A /* LaunchScreen.storyboard */; };
		844608B12903405C0095633A /* Reminder.swift in Sources */ = {isa = PBXBuildFile; fileRef = 844608B02903405C0095633A /* Reminder.swift */; };
		844608B32903E15D0095633A /* Date+Today.swift in Sources */ = {isa = PBXBuildFile; fileRef = 844608B22903E15D0095633A /* Date+Today.swift */; };
		844608B62903E48A0095633A /* ReminderListViewController+DataSource.swift in Sources */ = {isa = PBXBuildFile; fileRef = 844608B52903E48A0095633A /* ReminderListViewController+DataSource.swift */; };
		844608B92903EA250095633A /* UIColor+Today.swift in Sources */ = {isa = PBXBuildFile; fileRef = 844608B82903EA250095633A /* UIColor+Today.swift */; };
		844608BB29041F5C0095633A /* ReminderDoneButton.swift in Sources */ = {isa = PBXBuildFile; fileRef = 844608BA29041F5C0095633A /* ReminderDoneButton.swift */; };
		844608BD290420160095633A /* ReminderListViewController+Actions.swift in Sources */ = {isa = PBXBuildFile; fileRef = 844608BC290420160095633A /* ReminderListViewController+Actions.swift */; };
		844608BF290433080095633A /* ReminderViewController.swift in Sources */ = {isa = PBXBuildFile; fileRef = 844608BE290433080095633A /* ReminderViewController.swift */; };
		8456FAE22905824C0077D2F6 /* ReminderViewController+Row.swift in Sources */ = {isa = PBXBuildFile; fileRef = 8456FAE12905824C0077D2F6 /* ReminderViewController+Row.swift */; };
		8456FAE42905A7110077D2F6 /* ReminderViewController+Section.swift in Sources */ = {isa = PBXBuildFile; fileRef = 8456FAE32905A7110077D2F6 /* ReminderViewController+Section.swift */; };
		8456FAE62905BD050077D2F6 /* ReminderViewController+CellConfiguration.swift in Sources */ = {isa = PBXBuildFile; fileRef = 8456FAE52905BD050077D2F6 /* ReminderViewController+CellConfiguration.swift */; };
		8456FAE92905BFFF0077D2F6 /* UIView+PinnedSubview.swift in Sources */ = {isa = PBXBuildFile; fileRef = 8456FAE82905BFFF0077D2F6 /* UIView+PinnedSubview.swift */; };
		8456FAEB2905C6630077D2F6 /* TextFieldContentView.swift in Sources */ = {isa = PBXBuildFile; fileRef = 8456FAEA2905C6630077D2F6 /* TextFieldContentView.swift */; };
		8456FAED2905C9440077D2F6 /* UIContentConfiguration+Stateless.swift in Sources */ = {isa = PBXBuildFile; fileRef = 8456FAEC2905C9440077D2F6 /* UIContentConfiguration+Stateless.swift */; };
		8456FAEF2905D2020077D2F6 /* TextViewContentView.swift in Sources */ = {isa = PBXBuildFile; fileRef = 8456FAEE2905D2020077D2F6 /* TextViewContentView.swift */; };
		8456FAF12905D6490077D2F6 /* DatePickerContentView.swift in Sources */ = {isa = PBXBuildFile; fileRef = 8456FAF02905D6490077D2F6 /* DatePickerContentView.swift */; };
		8456FAF3290725BE0077D2F6 /* ReminderListStyle.swift in Sources */ = {isa = PBXBuildFile; fileRef = 8456FAF2290725BE0077D2F6 /* ReminderListStyle.swift */; };
		8456FAF5290AF9FA0077D2F6 /* ProgressHeaderView.swift in Sources */ = {isa = PBXBuildFile; fileRef = 8456FAF4290AF9FA0077D2F6 /* ProgressHeaderView.swift */; };
/* End PBXBuildFile section */

/* Begin PBXFileReference section */
		8446089829033F0C0095633A /* Today.app */ = {isa = PBXFileReference; explicitFileType = wrapper.application; includeInIndex = 0; path = Today.app; sourceTree = BUILT_PRODUCTS_DIR; };
		8446089B29033F0C0095633A /* AppDelegate.swift */ = {isa = PBXFileReference; lastKnownFileType = sourcecode.swift; path = AppDelegate.swift; sourceTree = "<group>"; };
		8446089D29033F0C0095633A /* SceneDelegate.swift */ = {isa = PBXFileReference; lastKnownFileType = sourcecode.swift; path = SceneDelegate.swift; sourceTree = "<group>"; };
		8446089F29033F0C0095633A /* ReminderListViewController.swift */ = {isa = PBXFileReference; lastKnownFileType = sourcecode.swift; path = ReminderListViewController.swift; sourceTree = "<group>"; };
		844608A229033F0C0095633A /* Base */ = {isa = PBXFileReference; lastKnownFileType = file.storyboard; name = Base; path = Base.lproj/Main.storyboard; sourceTree = "<group>"; };
		844608A429033F100095633A /* Assets.xcassets */ = {isa = PBXFileReference; lastKnownFileType = folder.assetcatalog; path = Assets.xcassets; sourceTree = "<group>"; };
		844608A729033F100095633A /* Base */ = {isa = PBXFileReference; lastKnownFileType = file.storyboard; name = Base; path = Base.lproj/LaunchScreen.storyboard; sourceTree = "<group>"; };
		844608A929033F100095633A /* Info.plist */ = {isa = PBXFileReference; lastKnownFileType = text.plist.xml; path = Info.plist; sourceTree = "<group>"; };
		844608B02903405C0095633A /* Reminder.swift */ = {isa = PBXFileReference; lastKnownFileType = sourcecode.swift; path = Reminder.swift; sourceTree = "<group>"; };
		844608B22903E15D0095633A /* Date+Today.swift */ = {isa = PBXFileReference; lastKnownFileType = sourcecode.swift; path = "Date+Today.swift"; sourceTree = "<group>"; };
		844608B52903E48A0095633A /* ReminderListViewController+DataSource.swift */ = {isa = PBXFileReference; lastKnownFileType = sourcecode.swift; path = "ReminderListViewController+DataSource.swift"; sourceTree = "<group>"; };
		844608B82903EA250095633A /* UIColor+Today.swift */ = {isa = PBXFileReference; fileEncoding = 4; lastKnownFileType = sourcecode.swift; path = "UIColor+Today.swift"; sourceTree = "<group>"; };
		844608BA29041F5C0095633A /* ReminderDoneButton.swift */ = {isa = PBXFileReference; lastKnownFileType = sourcecode.swift; path = ReminderDoneButton.swift; sourceTree = "<group>"; };
		844608BC290420160095633A /* ReminderListViewController+Actions.swift */ = {isa = PBXFileReference; lastKnownFileType = sourcecode.swift; path = "ReminderListViewController+Actions.swift"; sourceTree = "<group>"; };
		844608BE290433080095633A /* ReminderViewController.swift */ = {isa = PBXFileReference; lastKnownFileType = sourcecode.swift; path = ReminderViewController.swift; sourceTree = "<group>"; };
		8456FAE12905824C0077D2F6 /* ReminderViewController+Row.swift */ = {isa = PBXFileReference; lastKnownFileType = sourcecode.swift; path = "ReminderViewController+Row.swift"; sourceTree = "<group>"; };
		8456FAE32905A7110077D2F6 /* ReminderViewController+Section.swift */ = {isa = PBXFileReference; lastKnownFileType = sourcecode.swift; path = "ReminderViewController+Section.swift"; sourceTree = "<group>"; };
		8456FAE52905BD050077D2F6 /* ReminderViewController+CellConfiguration.swift */ = {isa = PBXFileReference; lastKnownFileType = sourcecode.swift; path = "ReminderViewController+CellConfiguration.swift"; sourceTree = "<group>"; };
		8456FAE82905BFFF0077D2F6 /* UIView+PinnedSubview.swift */ = {isa = PBXFileReference; lastKnownFileType = sourcecode.swift; path = "UIView+PinnedSubview.swift"; sourceTree = "<group>"; };
		8456FAEA2905C6630077D2F6 /* TextFieldContentView.swift */ = {isa = PBXFileReference; lastKnownFileType = sourcecode.swift; path = TextFieldContentView.swift; sourceTree = "<group>"; };
		8456FAEC2905C9440077D2F6 /* UIContentConfiguration+Stateless.swift */ = {isa = PBXFileReference; lastKnownFileType = sourcecode.swift; path = "UIContentConfiguration+Stateless.swift"; sourceTree = "<group>"; };
		8456FAEE2905D2020077D2F6 /* TextViewContentView.swift */ = {isa = PBXFileReference; lastKnownFileType = sourcecode.swift; path = TextViewContentView.swift; sourceTree = "<group>"; };
		8456FAF02905D6490077D2F6 /* DatePickerContentView.swift */ = {isa = PBXFileReference; lastKnownFileType = sourcecode.swift; path = DatePickerContentView.swift; sourceTree = "<group>"; };
		8456FAF2290725BE0077D2F6 /* ReminderListStyle.swift */ = {isa = PBXFileReference; lastKnownFileType = sourcecode.swift; path = ReminderListStyle.swift; sourceTree = "<group>"; };
		8456FAF4290AF9FA0077D2F6 /* ProgressHeaderView.swift */ = {isa = PBXFileReference; lastKnownFileType = sourcecode.swift; path = ProgressHeaderView.swift; sourceTree = "<group>"; };
/* End PBXFileReference section */

/* Begin PBXFrameworksBuildPhase section */
		8446089529033F0C0095633A /* Frameworks */ = {
			isa = PBXFrameworksBuildPhase;
			buildActionMask = 2147483647;
			files = (
			);
			runOnlyForDeploymentPostprocessing = 0;
		};
/* End PBXFrameworksBuildPhase section */

/* Begin PBXGroup section */
		8446088F29033F0C0095633A = {
			isa = PBXGroup;
			children = (
				8446089A29033F0C0095633A /* Today */,
				8446089929033F0C0095633A /* Products */,
			);
			sourceTree = "<group>";
		};
		8446089929033F0C0095633A /* Products */ = {
			isa = PBXGroup;
			children = (
				8446089829033F0C0095633A /* Today.app */,
			);
			name = Products;
			sourceTree = "<group>";
		};
		8446089A29033F0C0095633A /* Today */ = {
			isa = PBXGroup;
			children = (
				844608AF290340420095633A /* Models */,
				8456FAE72905BFD60077D2F6 /* ContentView */,
				844608B42903E4320095633A /* ListViewController */,
				844608C0290436A20095633A /* DetailViewController */,
				8446089B29033F0C0095633A /* AppDelegate.swift */,
				8446089D29033F0C0095633A /* SceneDelegate.swift */,
				844608A129033F0C0095633A /* Main.storyboard */,
				844608A429033F100095633A /* Assets.xcassets */,
				844608A629033F100095633A /* LaunchScreen.storyboard */,
				844608A929033F100095633A /* Info.plist */,
			);
			path = Today;
			sourceTree = "<group>";
		};
		844608AF290340420095633A /* Models */ = {
			isa = PBXGroup;
			children = (
				844608B02903405C0095633A /* Reminder.swift */,
				844608B82903EA250095633A /* UIColor+Today.swift */,
				844608B22903E15D0095633A /* Date+Today.swift */,
				8456FAF2290725BE0077D2F6 /* ReminderListStyle.swift */,
			);
			path = Models;
			sourceTree = "<group>";
		};
		844608B42903E4320095633A /* ListViewController */ = {
			isa = PBXGroup;
			children = (
				8446089F29033F0C0095633A /* ReminderListViewController.swift */,
				844608BC290420160095633A /* ReminderListViewController+Actions.swift */,
				844608B52903E48A0095633A /* ReminderListViewController+DataSource.swift */,
				844608BA29041F5C0095633A /* ReminderDoneButton.swift */,
				8456FAF4290AF9FA0077D2F6 /* ProgressHeaderView.swift */,
			);
			path = ListViewController;
			sourceTree = "<group>";
		};
		844608C0290436A20095633A /* DetailViewController */ = {
			isa = PBXGroup;
			children = (
				844608BE290433080095633A /* ReminderViewController.swift */,
				8456FAE12905824C0077D2F6 /* ReminderViewController+Row.swift */,
				8456FAE32905A7110077D2F6 /* ReminderViewController+Section.swift */,
				8456FAE52905BD050077D2F6 /* ReminderViewController+CellConfiguration.swift */,
			);
			path = DetailViewController;
			sourceTree = "<group>";
		};
		8456FAE72905BFD60077D2F6 /* ContentView */ = {
			isa = PBXGroup;
			children = (
				8456FAE82905BFFF0077D2F6 /* UIView+PinnedSubview.swift */,
				8456FAEC2905C9440077D2F6 /* UIContentConfiguration+Stateless.swift */,
				8456FAEA2905C6630077D2F6 /* TextFieldContentView.swift */,
				8456FAEE2905D2020077D2F6 /* TextViewContentView.swift */,
				8456FAF02905D6490077D2F6 /* DatePickerContentView.swift */,
			);
			path = ContentView;
			sourceTree = "<group>";
		};
/* End PBXGroup section */

/* Begin PBXNativeTarget section */
		8446089729033F0C0095633A /* Today */ = {
			isa = PBXNativeTarget;
			buildConfigurationList = 844608AC29033F100095633A /* Build configuration list for PBXNativeTarget "Today" */;
			buildPhases = (
				8446089429033F0C0095633A /* Sources */,
				8446089529033F0C0095633A /* Frameworks */,
				8446089629033F0C0095633A /* Resources */,
			);
			buildRules = (
			);
			dependencies = (
			);
			name = Today;
			productName = Today;
			productReference = 8446089829033F0C0095633A /* Today.app */;
			productType = "com.apple.product-type.application";
		};
/* End PBXNativeTarget section */

/* Begin PBXProject section */
		8446089029033F0C0095633A /* Project object */ = {
			isa = PBXProject;
			attributes = {
				BuildIndependentTargetsInParallel = 1;
				LastSwiftUpdateCheck = 1320;
				LastUpgradeCheck = 1320;
				TargetAttributes = {
					8446089729033F0C0095633A = {
						CreatedOnToolsVersion = 13.2.1;
					};
				};
			};
			buildConfigurationList = 8446089329033F0C0095633A /* Build configuration list for PBXProject "Today" */;
			compatibilityVersion = "Xcode 13.0";
			developmentRegion = en;
			hasScannedForEncodings = 0;
			knownRegions = (
				en,
				Base,
			);
			mainGroup = 8446088F29033F0C0095633A;
			productRefGroup = 8446089929033F0C0095633A /* Products */;
			projectDirPath = "";
			projectRoot = "";
			targets = (
				8446089729033F0C0095633A /* Today */,
			);
		};
/* End PBXProject section */

/* Begin PBXResourcesBuildPhase section */
		8446089629033F0C0095633A /* Resources */ = {
			isa = PBXResourcesBuildPhase;
			buildActionMask = 2147483647;
			files = (
				844608A829033F100095633A /* LaunchScreen.storyboard in Resources */,
				844608A529033F100095633A /* Assets.xcassets in Resources */,
				844608A329033F0C0095633A /* Main.storyboard in Resources */,
			);
			runOnlyForDeploymentPostprocessing = 0;
		};
/* End PBXResourcesBuildPhase section */

/* Begin PBXSourcesBuildPhase section */
		8446089429033F0C0095633A /* Sources */ = {
			isa = PBXSourcesBuildPhase;
			buildActionMask = 2147483647;
			files = (
				8456FAF5290AF9FA0077D2F6 /* ProgressHeaderView.swift in Sources */,
				8456FAE92905BFFF0077D2F6 /* UIView+PinnedSubview.swift in Sources */,
				8456FAE42905A7110077D2F6 /* ReminderViewController+Section.swift in Sources */,
				8456FAF12905D6490077D2F6 /* DatePickerContentView.swift in Sources */,
				844608B92903EA250095633A /* UIColor+Today.swift in Sources */,
				844608BD290420160095633A /* ReminderListViewController+Actions.swift in Sources */,
				844608BF290433080095633A /* ReminderViewController.swift in Sources */,
				8456FAF3290725BE0077D2F6 /* ReminderListStyle.swift in Sources */,
				8456FAED2905C9440077D2F6 /* UIContentConfiguration+Stateless.swift in Sources */,
				844608A029033F0C0095633A /* ReminderListViewController.swift in Sources */,
				844608B32903E15D0095633A /* Date+Today.swift in Sources */,
				8456FAEB2905C6630077D2F6 /* TextFieldContentView.swift in Sources */,
				8456FAEF2905D2020077D2F6 /* TextViewContentView.swift in Sources */,
				8456FAE22905824C0077D2F6 /* ReminderViewController+Row.swift in Sources */,
				844608BB29041F5C0095633A /* ReminderDoneButton.swift in Sources */,
				8446089C29033F0C0095633A /* AppDelegate.swift in Sources */,
				8456FAE62905BD050077D2F6 /* ReminderViewController+CellConfiguration.swift in Sources */,
				8446089E29033F0C0095633A /* SceneDelegate.swift in Sources */,
				844608B12903405C0095633A /* Reminder.swift in Sources */,
				844608B62903E48A0095633A /* ReminderListViewController+DataSource.swift in Sources */,
			);
			runOnlyForDeploymentPostprocessing = 0;
		};
/* End PBXSourcesBuildPhase section */

/* Begin PBXVariantGroup section */
		844608A129033F0C0095633A /* Main.storyboard */ = {
			isa = PBXVariantGroup;
			children = (
				844608A229033F0C0095633A /* Base */,
			);
			name = Main.storyboard;
			sourceTree = "<group>";
		};
		844608A629033F100095633A /* LaunchScreen.storyboard */ = {
			isa = PBXVariantGroup;
			children = (
				844608A729033F100095633A /* Base */,
			);
			name = LaunchScreen.storyboard;
			sourceTree = "<group>";
		};
/* End PBXVariantGroup section */

/* Begin XCBuildConfiguration section */
		844608AA29033F100095633A /* Debug */ = {
			isa = XCBuildConfiguration;
			buildSettings = {
				ALWAYS_SEARCH_USER_PATHS = NO;
				CLANG_ANALYZER_NONNULL = YES;
				CLANG_ANALYZER_NUMBER_OBJECT_CONVERSION = YES_AGGRESSIVE;
				CLANG_CXX_LANGUAGE_STANDARD = "gnu++17";
				CLANG_CXX_LIBRARY = "libc++";
				CLANG_ENABLE_MODULES = YES;
				CLANG_ENABLE_OBJC_ARC = YES;
				CLANG_ENABLE_OBJC_WEAK = YES;
				CLANG_WARN_BLOCK_CAPTURE_AUTORELEASING = YES;
				CLANG_WARN_BOOL_CONVERSION = YES;
				CLANG_WARN_COMMA = YES;
				CLANG_WARN_CONSTANT_CONVERSION = YES;
				CLANG_WARN_DEPRECATED_OBJC_IMPLEMENTATIONS = YES;
				CLANG_WARN_DIRECT_OBJC_ISA_USAGE = YES_ERROR;
				CLANG_WARN_DOCUMENTATION_COMMENTS = YES;
				CLANG_WARN_EMPTY_BODY = YES;
				CLANG_WARN_ENUM_CONVERSION = YES;
				CLANG_WARN_INFINITE_RECURSION = YES;
				CLANG_WARN_INT_CONVERSION = YES;
				CLANG_WARN_NON_LITERAL_NULL_CONVERSION = YES;
				CLANG_WARN_OBJC_IMPLICIT_RETAIN_SELF = YES;
				CLANG_WARN_OBJC_LITERAL_CONVERSION = YES;
				CLANG_WARN_OBJC_ROOT_CLASS = YES_ERROR;
				CLANG_WARN_QUOTED_INCLUDE_IN_FRAMEWORK_HEADER = YES;
				CLANG_WARN_RANGE_LOOP_ANALYSIS = YES;
				CLANG_WARN_STRICT_PROTOTYPES = YES;
				CLANG_WARN_SUSPICIOUS_MOVE = YES;
				CLANG_WARN_UNGUARDED_AVAILABILITY = YES_AGGRESSIVE;
				CLANG_WARN_UNREACHABLE_CODE = YES;
				CLANG_WARN__DUPLICATE_METHOD_MATCH = YES;
				COPY_PHASE_STRIP = NO;
				DEBUG_INFORMATION_FORMAT = dwarf;
				ENABLE_STRICT_OBJC_MSGSEND = YES;
				ENABLE_TESTABILITY = YES;
				GCC_C_LANGUAGE_STANDARD = gnu11;
				GCC_DYNAMIC_NO_PIC = NO;
				GCC_NO_COMMON_BLOCKS = YES;
				GCC_OPTIMIZATION_LEVEL = 0;
				GCC_PREPROCESSOR_DEFINITIONS = (
					"DEBUG=1",
					"$(inherited)",
				);
				GCC_WARN_64_TO_32_BIT_CONVERSION = YES;
				GCC_WARN_ABOUT_RETURN_TYPE = YES_ERROR;
				GCC_WARN_UNDECLARED_SELECTOR = YES;
				GCC_WARN_UNINITIALIZED_AUTOS = YES_AGGRESSIVE;
				GCC_WARN_UNUSED_FUNCTION = YES;
				GCC_WARN_UNUSED_VARIABLE = YES;
				IPHONEOS_DEPLOYMENT_TARGET = 15.2;
				MTL_ENABLE_DEBUG_INFO = INCLUDE_SOURCE;
				MTL_FAST_MATH = YES;
				ONLY_ACTIVE_ARCH = YES;
				SDKROOT = iphoneos;
				SWIFT_ACTIVE_COMPILATION_CONDITIONS = DEBUG;
				SWIFT_OPTIMIZATION_LEVEL = "-Onone";
			};
			name = Debug;
		};
		844608AB29033F100095633A /* Release */ = {
			isa = XCBuildConfiguration;
			buildSettings = {
				ALWAYS_SEARCH_USER_PATHS = NO;
				CLANG_ANALYZER_NONNULL = YES;
				CLANG_ANALYZER_NUMBER_OBJECT_CONVERSION = YES_AGGRESSIVE;
				CLANG_CXX_LANGUAGE_STANDARD = "gnu++17";
				CLANG_CXX_LIBRARY = "libc++";
				CLANG_ENABLE_MODULES = YES;
				CLANG_ENABLE_OBJC_ARC = YES;
				CLANG_ENABLE_OBJC_WEAK = YES;
				CLANG_WARN_BLOCK_CAPTURE_AUTORELEASING = YES;
				CLANG_WARN_BOOL_CONVERSION = YES;
				CLANG_WARN_COMMA = YES;
				CLANG_WARN_CONSTANT_CONVERSION = YES;
				CLANG_WARN_DEPRECATED_OBJC_IMPLEMENTATIONS = YES;
				CLANG_WARN_DIRECT_OBJC_ISA_USAGE = YES_ERROR;
				CLANG_WARN_DOCUMENTATION_COMMENTS = YES;
				CLANG_WARN_EMPTY_BODY = YES;
				CLANG_WARN_ENUM_CONVERSION = YES;
				CLANG_WARN_INFINITE_RECURSION = YES;
				CLANG_WARN_INT_CONVERSION = YES;
				CLANG_WARN_NON_LITERAL_NULL_CONVERSION = YES;
				CLANG_WARN_OBJC_IMPLICIT_RETAIN_SELF = YES;
				CLANG_WARN_OBJC_LITERAL_CONVERSION = YES;
				CLANG_WARN_OBJC_ROOT_CLASS = YES_ERROR;
				CLANG_WARN_QUOTED_INCLUDE_IN_FRAMEWORK_HEADER = YES;
				CLANG_WARN_RANGE_LOOP_ANALYSIS = YES;
				CLANG_WARN_STRICT_PROTOTYPES = YES;
				CLANG_WARN_SUSPICIOUS_MOVE = YES;
				CLANG_WARN_UNGUARDED_AVAILABILITY = YES_AGGRESSIVE;
				CLANG_WARN_UNREACHABLE_CODE = YES;
				CLANG_WARN__DUPLICATE_METHOD_MATCH = YES;
				COPY_PHASE_STRIP = NO;
				DEBUG_INFORMATION_FORMAT = "dwarf-with-dsym";
				ENABLE_NS_ASSERTIONS = NO;
				ENABLE_STRICT_OBJC_MSGSEND = YES;
				GCC_C_LANGUAGE_STANDARD = gnu11;
				GCC_NO_COMMON_BLOCKS = YES;
				GCC_WARN_64_TO_32_BIT_CONVERSION = YES;
				GCC_WARN_ABOUT_RETURN_TYPE = YES_ERROR;
				GCC_WARN_UNDECLARED_SELECTOR = YES;
				GCC_WARN_UNINITIALIZED_AUTOS = YES_AGGRESSIVE;
				GCC_WARN_UNUSED_FUNCTION = YES;
				GCC_WARN_UNUSED_VARIABLE = YES;
				IPHONEOS_DEPLOYMENT_TARGET = 15.2;
				MTL_ENABLE_DEBUG_INFO = NO;
				MTL_FAST_MATH = YES;
				SDKROOT = iphoneos;
				SWIFT_COMPILATION_MODE = wholemodule;
				SWIFT_OPTIMIZATION_LEVEL = "-O";
				VALIDATE_PRODUCT = YES;
			};
			name = Release;
		};
		844608AD29033F100095633A /* Debug */ = {
			isa = XCBuildConfiguration;
			buildSettings = {
				ASSETCATALOG_COMPILER_APPICON_NAME = AppIcon;
				ASSETCATALOG_COMPILER_GLOBAL_ACCENT_COLOR_NAME = AccentColor;
				CODE_SIGN_STYLE = Automatic;
				CURRENT_PROJECT_VERSION = 1;
				DEVELOPMENT_TEAM = S46HN8WG63;
				GENERATE_INFOPLIST_FILE = YES;
				INFOPLIST_FILE = Today/Info.plist;
				INFOPLIST_KEY_UIApplicationSupportsIndirectInputEvents = YES;
				INFOPLIST_KEY_UILaunchStoryboardName = LaunchScreen;
				INFOPLIST_KEY_UIMainStoryboardFile = Main;
				INFOPLIST_KEY_UISupportedInterfaceOrientations_iPad = "UIInterfaceOrientationPortrait UIInterfaceOrientationPortraitUpsideDown UIInterfaceOrientationLandscapeLeft UIInterfaceOrientationLandscapeRight";
				INFOPLIST_KEY_UISupportedInterfaceOrientations_iPhone = "UIInterfaceOrientationPortrait UIInterfaceOrientationLandscapeLeft UIInterfaceOrientationLandscapeRight";
				LD_RUNPATH_SEARCH_PATHS = (
					"$(inherited)",
					"@executable_path/Frameworks",
				);
				MARKETING_VERSION = 1.0;
				PRODUCT_BUNDLE_IDENTIFIER = com.VSTsyganov.Today;
				PRODUCT_NAME = "$(TARGET_NAME)";
				SWIFT_EMIT_LOC_STRINGS = YES;
				SWIFT_VERSION = 5.0;
				TARGETED_DEVICE_FAMILY = "1,2";
			};
			name = Debug;
		};
		844608AE29033F100095633A /* Release */ = {
			isa = XCBuildConfiguration;
			buildSettings = {
				ASSETCATALOG_COMPILER_APPICON_NAME = AppIcon;
				ASSETCATALOG_COMPILER_GLOBAL_ACCENT_COLOR_NAME = AccentColor;
				CODE_SIGN_STYLE = Automatic;
				CURRENT_PROJECT_VERSION = 1;
				DEVELOPMENT_TEAM = S46HN8WG63;
				GENERATE_INFOPLIST_FILE = YES;
				INFOPLIST_FILE = Today/Info.plist;
				INFOPLIST_KEY_UIApplicationSupportsIndirectInputEvents = YES;
				INFOPLIST_KEY_UILaunchStoryboardName = LaunchScreen;
				INFOPLIST_KEY_UIMainStoryboardFile = Main;
				INFOPLIST_KEY_UISupportedInterfaceOrientations_iPad = "UIInterfaceOrientationPortrait UIInterfaceOrientationPortraitUpsideDown UIInterfaceOrientationLandscapeLeft UIInterfaceOrientationLandscapeRight";
				INFOPLIST_KEY_UISupportedInterfaceOrientations_iPhone = "UIInterfaceOrientationPortrait UIInterfaceOrientationLandscapeLeft UIInterfaceOrientationLandscapeRight";
				LD_RUNPATH_SEARCH_PATHS = (
					"$(inherited)",
					"@executable_path/Frameworks",
				);
				MARKETING_VERSION = 1.0;
				PRODUCT_BUNDLE_IDENTIFIER = com.VSTsyganov.Today;
				PRODUCT_NAME = "$(TARGET_NAME)";
				SWIFT_EMIT_LOC_STRINGS = YES;
				SWIFT_VERSION = 5.0;
				TARGETED_DEVICE_FAMILY = "1,2";
			};
			name = Release;
		};
/* End XCBuildConfiguration section */

/* Begin XCConfigurationList section */
		8446089329033F0C0095633A /* Build configuration list for PBXProject "Today" */ = {
			isa = XCConfigurationList;
			buildConfigurations = (
				844608AA29033F100095633A /* Debug */,
				844608AB29033F100095633A /* Release */,
			);
			defaultConfigurationIsVisible = 0;
			defaultConfigurationName = Release;
		};
		844608AC29033F100095633A /* Build configuration list for PBXNativeTarget "Today" */ = {
			isa = XCConfigurationList;
			buildConfigurations = (
				844608AD29033F100095633A /* Debug */,
				844608AE29033F100095633A /* Release */,
			);
			defaultConfigurationIsVisible = 0;
			defaultConfigurationName = Release;
		};
/* End XCConfigurationList section */
	};
	rootObject = 8446089029033F0C0095633A /* Project object */;
}
